
Microsoft Visual Studio Solution File, Format Version 12.00
# Visual Studio Version 17
VisualStudioVersion = 17.9.34701.34
MinimumVisualStudioVersion = 10.0.40219.1
Project("{FAE04EC0-301F-11D3-BF4B-00C04F79EFBC}") = "Toyota_car_system", "Toyota_car_system\Toyota_car_system.csproj", "{194B6FB6-FC9D-444D-A2CA-B1CE0B2C2846}"
EndProject
Global
	GlobalSection(SolutionConfigurationPlatforms) = preSolution
		Debug|Any CPU = Debug|Any CPU
		Release|Any CPU = Release|Any CPU
	EndGlobalSection
	GlobalSection(ProjectConfigurationPlatforms) = postSolution
		{194B6FB6-FC9D-444D-A2CA-B1CE0B2C2846}.Debug|Any CPU.ActiveCfg = Debug|Any CPU
		{194B6FB6-FC9D-444D-A2CA-B1CE0B2C2846}.Debug|Any CPU.Build.0 = Debug|Any CPU
		{194B6FB6-FC9D-444D-A2CA-B1CE0B2C2846}.Release|Any CPU.ActiveCfg = Release|Any CPU
		{194B6FB6-FC9D-444D-A2CA-B1CE0B2C2846}.Release|Any CPU.Build.0 = Release|Any CPU
	EndGlobalSection
	GlobalSection(SolutionProperties) = preSolution
		HideSolutionNode = FALSE
	EndGlobalSection
	GlobalSection(ExtensibilityGlobals) = postSolution
		SolutionGuid = {F0BB59C1-D7D4-46D0-8255-83A823D5F1BD}
	EndGlobalSection
EndGlobal
